
Microsoft Visual Studio Solution File, Format Version 12.00
# Visual Studio Version 16
VisualStudioVersion = 16.0.29911.84
MinimumVisualStudioVersion = 10.0.40219.1
Project("{FAE04EC0-301F-11D3-BF4B-00C04F79EFBC}") = "Laboratorio2 Juan Carlos Gubbins", "Laboratorio2 Juan Carlos Gubbins\Laboratorio2 Juan Carlos Gubbins.csproj", "{2176571F-E1F3-4534-8B4C-325A9C9E72A0}"
EndProject
Global
	GlobalSection(SolutionConfigurationPlatforms) = preSolution
		Debug|Any CPU = Debug|Any CPU
		Release|Any CPU = Release|Any CPU
	EndGlobalSection
	GlobalSection(ProjectConfigurationPlatforms) = postSolution
		{2176571F-E1F3-4534-8B4C-325A9C9E72A0}.Debug|Any CPU.ActiveCfg = Debug|Any CPU
		{2176571F-E1F3-4534-8B4C-325A9C9E72A0}.Debug|Any CPU.Build.0 = Debug|Any CPU
		{2176571F-E1F3-4534-8B4C-325A9C9E72A0}.Release|Any CPU.ActiveCfg = Release|Any CPU
		{2176571F-E1F3-4534-8B4C-325A9C9E72A0}.Release|Any CPU.Build.0 = Release|Any CPU
	EndGlobalSection
	GlobalSection(SolutionProperties) = preSolution
		HideSolutionNode = FALSE
	EndGlobalSection
	GlobalSection(ExtensibilityGlobals) = postSolution
		SolutionGuid = {1CBF7DDD-B052-4F50-BCD4-606B9341847D}
	EndGlobalSection
EndGlobal
